{
  "nodes": {
    "home-manager": {
      "inputs": {
        "nixpkgs": [
          "nixpkgs"
        ]
      },
      "locked": {
        "lastModified": 1777151655,
        "narHash": "sha256-Th3a5OZyEy4kCoyLfefnt+2dwRIrFQqYgMsayF9qzFw=",
        "owner": "nix-community",
        "repo": "home-manager",
        "rev": "6f59831b23d03bbf4fbd13ad167ae25da294cc14",
        "type": "github"
      },
      "original": {
        "owner": "nix-community",
        "repo": "home-manager",
        "type": "github"
      }
    },
    "nix-flatpak": {
      "locked": {
        "lastModified": 1768656715,
        "narHash": "sha256-Sbh037scxKFm7xL0ahgSCw+X2/5ZKeOwI2clqrYr9j4=",
        "owner": "gmodena",
        "repo": "nix-flatpak",
        "rev": "123fe29340a5b8671367055b75a6e7c320d6f89a",
        "type": "github"
      },
      "original": {
        "owner": "gmodena",
        "repo": "nix-flatpak",
        "type": "github"
      }
    },
    "nixpkgs": {
      "locked": {
        "lastModified": 1774386573,
        "narHash": "sha256-4hAV26quOxdC6iyG7kYaZcM3VOskcPUrdCQd/nx8obc=",
        "owner": "NixOS",
        "repo": "nixpkgs",
        "rev": "46db2e09e1d3f113a13c0d7b81e2f221c63b8ce9",
        "type": "github"
      },
      "original": {
        "owner": "NixOS",
        "ref": "nixos-unstable",
        "repo": "nixpkgs",
        "type": "github"
      }
    },
    "root": {
      "inputs": {
        "home-manager": "home-manager",
        "nix-flatpak": "nix-flatpak",
        "nixpkgs": "nixpkgs"
      }
    }
  },
  "root": "root",
  "version": 7
}
